<?xml version="1.0" encoding="UTF-8" standalone="yes" ?>
<CodeBlocks_project_file>
	<FileVersion major="1" minor="6" />
	<Project>
		<Option title="freephylotree" />
		<Option pch_mode="2" />
		<Option compiler="gcc" />
		<Build>
			<Target title="Debug">
				<Option output="bin/Debug/freephylotree" prefix_auto="1" extension_auto="1" />
				<Option object_output="obj/Debug/" />
				<Option type="1" />
				<Option compiler="gcc" />
				<Compiler>
					<Add option="-g" />
					<Add option="-DQT_DEBUG" />
				</Compiler>
			</Target>
			<Target title="Release">
				<Option output="bin/Release/freephylotree" prefix_auto="1" extension_auto="1" />
				<Option object_output="obj/Release/" />
				<Option type="1" />
				<Option compiler="gcc" />
				<Compiler>
					<Add option="-O3" />
					<Add option="-DQT_NO_DEBUG" />
					<Add option="-DNDEBUG" />
				</Compiler>
				<Linker>
					<Add option="-s" />
				</Linker>
			</Target>
		</Build>
		<Compiler>
			<Add option="-Wall" />
			<Add option="-fexceptions" />
			<Add option="-I/usr/include/freetype2" />
			<Add option="-I/usr/include/qt4" />
			<Add option="-I/usr/include/qt4/QtOpenGL" />
			<Add option="-I/usr/include/qt4/QtGui" />
			<Add option="-I/usr/include/qt4/QtCore" />
			<Add option="-DQT_OPENGL_LIB" />
			<Add option="-DQT_GUI_LIB" />
			<Add option="-DQT_CORE_LIB" />
		</Compiler>
		<Linker>
			<Add option="-rdynamic" />
			<Add option="-lftgl" />
			<Add option="-lm" />
			<Add option="-lQtOpenGL" />
			<Add option="-lQtGui" />
			<Add option="-lQtCore" />
		</Linker>
		<Unit filename="FreePhyloTree.cpp" />
		<Unit filename="FreePhyloTree.hpp" />
		<Unit filename="GLEngine.cpp" />
		<Unit filename="GLEngine.hpp" />
		<Unit filename="PhyloTree.cpp" />
		<Unit filename="PhyloTree.hpp" />
		<Unit filename="Strategies/Alloc.cpp" />
		<Unit filename="Strategies/Alloc.hpp" />
		<Unit filename="Strategies/Coloring.cpp" />
		<Unit filename="Strategies/Coloring.hpp" />
		<Unit filename="Strategies/Interval.cpp" />
		<Unit filename="Strategies/Interval.hpp" />
		<Unit filename="Tree/Color.cpp" />
		<Unit filename="Tree/Color.hpp" />
		<Unit filename="Tree/Node.cpp" />
		<Unit filename="Tree/Node.hpp" />
		<Unit filename="Tree/Tree.cpp" />
		<Unit filename="Tree/Tree.hpp" />
		<Unit filename="Tree/Vec2f.cpp" />
		<Unit filename="Tree/Vec2f.hpp" />
		<Unit filename="program.cpp" />
		<Extensions>
			<code_completion />
			<envvars />
			<lib_finder disable_auto="1" />
			<debugger />
		</Extensions>
	</Project>
</CodeBlocks_project_file>
